
Microsoft Visual Studio Solution File, Format Version 12.00
# Visual Studio Version 17
VisualStudioVersion = 17.5.33424.131
MinimumVisualStudioVersion = 10.0.40219.1
Project("{9A19103F-16F7-4668-BE54-9A1E7A4F7556}") = "IMS.WebApp", "IMS.WebApp\IMS.WebApp.csproj", "{2C81994D-0E6A-4E70-BDB1-FBDE4AD3B076}"
EndProject
Project("{9A19103F-16F7-4668-BE54-9A1E7A4F7556}") = "IMS.UseCases", "IMS.UseCases\IMS.UseCases.csproj", "{2CE49425-4BFA-49B6-B39F-0E807A9D07AB}"
EndProject
Project("{9A19103F-16F7-4668-BE54-9A1E7A4F7556}") = "IMS.CoreBusiness", "IMS.CoreBusiness\IMS.CoreBusiness.csproj", "{F34D0669-072F-4770-97DD-87382DE9EB23}"
EndProject
Project("{2150E333-8FDC-42A3-9474-1A3956D46DE8}") = "IMS.Plugins", "IMS.Plugins", "{25C53CE8-D559-4642-9AB3-A60674272F3D}"
EndProject
Project("{9A19103F-16F7-4668-BE54-9A1E7A4F7556}") = "IMS.Plugins.InMemory", "IMS.Plugins\IMS.Plugins.InMemory\IMS.Plugins.InMemory.csproj", "{9E0A01B1-C320-4F75-A904-16E025D9ADA9}"
EndProject
Global
	GlobalSection(SolutionConfigurationPlatforms) = preSolution
		Debug|Any CPU = Debug|Any CPU
		Release|Any CPU = Release|Any CPU
	EndGlobalSection
	GlobalSection(ProjectConfigurationPlatforms) = postSolution
		{2C81994D-0E6A-4E70-BDB1-FBDE4AD3B076}.Debug|Any CPU.ActiveCfg = Debug|Any CPU
		{2C81994D-0E6A-4E70-BDB1-FBDE4AD3B076}.Debug|Any CPU.Build.0 = Debug|Any CPU
		{2C81994D-0E6A-4E70-BDB1-FBDE4AD3B076}.Release|Any CPU.ActiveCfg = Release|Any CPU
		{2C81994D-0E6A-4E70-BDB1-FBDE4AD3B076}.Release|Any CPU.Build.0 = Release|Any CPU
		{2CE49425-4BFA-49B6-B39F-0E807A9D07AB}.Debug|Any CPU.ActiveCfg = Debug|Any CPU
		{2CE49425-4BFA-49B6-B39F-0E807A9D07AB}.Debug|Any CPU.Build.0 = Debug|Any CPU
		{2CE49425-4BFA-49B6-B39F-0E807A9D07AB}.Release|Any CPU.ActiveCfg = Release|Any CPU
		{2CE49425-4BFA-49B6-B39F-0E807A9D07AB}.Release|Any CPU.Build.0 = Release|Any CPU
		{F34D0669-072F-4770-97DD-87382DE9EB23}.Debug|Any CPU.ActiveCfg = Debug|Any CPU
		{F34D0669-072F-4770-97DD-87382DE9EB23}.Debug|Any CPU.Build.0 = Debug|Any CPU
		{F34D0669-072F-4770-97DD-87382DE9EB23}.Release|Any CPU.ActiveCfg = Release|Any CPU
		{F34D0669-072F-4770-97DD-87382DE9EB23}.Release|Any CPU.Build.0 = Release|Any CPU
		{9E0A01B1-C320-4F75-A904-16E025D9ADA9}.Debug|Any CPU.ActiveCfg = Debug|Any CPU
		{9E0A01B1-C320-4F75-A904-16E025D9ADA9}.Debug|Any CPU.Build.0 = Debug|Any CPU
		{9E0A01B1-C320-4F75-A904-16E025D9ADA9}.Release|Any CPU.ActiveCfg = Release|Any CPU
		{9E0A01B1-C320-4F75-A904-16E025D9ADA9}.Release|Any CPU.Build.0 = Release|Any CPU
	EndGlobalSection
	GlobalSection(SolutionProperties) = preSolution
		HideSolutionNode = FALSE
	EndGlobalSection
	GlobalSection(NestedProjects) = preSolution
		{9E0A01B1-C320-4F75-A904-16E025D9ADA9} = {25C53CE8-D559-4642-9AB3-A60674272F3D}
	EndGlobalSection
	GlobalSection(ExtensibilityGlobals) = postSolution
		SolutionGuid = {BBB347BC-579C-4A82-86FE-7419545B3E34}
	EndGlobalSection
EndGlobal
